
Microsoft Visual Studio Solution File, Format Version 12.00
# Visual Studio 15
VisualStudioVersion = 15.0.26430.6
MinimumVisualStudioVersion = 10.0.40219.1
Project("{FAE04EC0-301F-11D3-BF4B-00C04F79EFBC}") = "EDUGraphAPI.Web", "EDUGraphAPI.Web\EDUGraphAPI.Web.csproj", "{C39A0AE0-8076-4AD4-A0C8-0108331E610C}"
EndProject
Project("{FAE04EC0-301F-11D3-BF4B-00C04F79EFBC}") = "EDUGraphAPI.SyncData", "EDUGraphAPI.SyncData\EDUGraphAPI.SyncData.csproj", "{3FCF8627-0BF9-4467-B9ED-96483AA90F56}"
EndProject
Project("{2150E333-8FDC-42A3-9474-1A3956D46DE8}") = "Data", "Data", "{7F23F151-272A-4465-9B7F-9E1CB86A51BA}"
EndProject
Project("{FAE04EC0-301F-11D3-BF4B-00C04F79EFBC}") = "EDUGraphAPI.Data", "Data\EDUGraphAPI.Data\EDUGraphAPI.Data.csproj", "{321BF683-8FE3-4FD7-A76A-A8B67F6118AE}"
EndProject
Project("{FAE04EC0-301F-11D3-BF4B-00C04F79EFBC}") = "EDUGraphAPI.Data.Models", "Data\EDUGraphAPI.Data.Models\EDUGraphAPI.Data.Models.csproj", "{DAEC092A-A92F-46B3-93CD-EBD888A9EB65}"
EndProject
Project("{2150E333-8FDC-42A3-9474-1A3956D46DE8}") = "Services", "Services", "{31F019E9-5419-413C-B559-A43DA6743C0D}"
EndProject
Project("{FAE04EC0-301F-11D3-BF4B-00C04F79EFBC}") = "EDUGraphAPI.Services", "Services\EDUGraphAPI.Services\EDUGraphAPI.Services.csproj", "{398B56BA-3848-4A3A-8AD1-3BB816C72E9C}"
EndProject
Project("{FAE04EC0-301F-11D3-BF4B-00C04F79EFBC}") = "EDUGraphAPI.Services.Models", "Services\EDUGraphAPI.Services.Models\EDUGraphAPI.Services.Models.csproj", "{E76C5FFD-A7B0-4CB2-A694-3385255B6C99}"
EndProject
Project("{2150E333-8FDC-42A3-9474-1A3956D46DE8}") = "Infrastructure", "Infrastructure", "{1C2E8D3E-1559-4581-A50A-095D25DE029C}"
EndProject
Project("{FAE04EC0-301F-11D3-BF4B-00C04F79EFBC}") = "EDUGraphAPI.Constants", "Infrastructure\EDUGraphAPI.Constants\EDUGraphAPI.Constants.csproj", "{A8479F5F-927B-4523-B7B7-A188B44E4092}"
EndProject
Project("{FAE04EC0-301F-11D3-BF4B-00C04F79EFBC}") = "EDUGraphAPI.Infrastructure", "Infrastructure\EDUGraphAPI.Infrastructure\EDUGraphAPI.Infrastructure.csproj", "{D57AD5D9-760D-4228-B6DD-3D9A5578A3D4}"
EndProject
Project("{FAE04EC0-301F-11D3-BF4B-00C04F79EFBC}") = "EDUGraphAPI.Enumerations", "Infrastructure\EDUGraphAPI.Enumerations\EDUGraphAPI.Enumerations.csproj", "{8413B531-76FB-45C0-8573-1D0122660681}"
EndProject
Project("{FAE04EC0-301F-11D3-BF4B-00C04F79EFBC}") = "EDUGraphAPI.Common", "Infrastructure\EDUGraphAPI.Common\EDUGraphAPI.Common.csproj", "{D52FDC49-827F-4FCF-9244-9F26F5278AB8}"
EndProject
Project("{FAE04EC0-301F-11D3-BF4B-00C04F79EFBC}") = "Microsoft.Education.Constants", "Infrastructure\Microsoft.Education.Constants\Microsoft.Education.Constants.csproj", "{9C57690D-128F-4473-AE1D-E2C5B1FB5B74}"
EndProject
Project("{FAE04EC0-301F-11D3-BF4B-00C04F79EFBC}") = "Microsoft.Education.Services.Models", "Services\Microsoft.Education.Services.Models\Microsoft.Education.Services.Models.csproj", "{D801873C-5CEC-455E-BDA8-4470AE7871A4}"
EndProject
Project("{FAE04EC0-301F-11D3-BF4B-00C04F79EFBC}") = "Microsoft.Education.Services", "Services\Microsoft.Education.Services\Microsoft.Education.Services.csproj", "{F42CBFB5-912F-4366-9707-084A51D01D56}"
EndProject
Project("{FAE04EC0-301F-11D3-BF4B-00C04F79EFBC}") = "EDUGraphAPI.Contracts", "Infrastructure\EDUGraphAPI.Contracts\EDUGraphAPI.Contracts.csproj", "{1EBE885E-68F9-4741-B46E-880D74B02D97}"
EndProject
Global
	GlobalSection(SolutionConfigurationPlatforms) = preSolution
		Debug|Any CPU = Debug|Any CPU
		Release|Any CPU = Release|Any CPU
	EndGlobalSection
	GlobalSection(ProjectConfigurationPlatforms) = postSolution
		{C39A0AE0-8076-4AD4-A0C8-0108331E610C}.Debug|Any CPU.ActiveCfg = Debug|Any CPU
		{C39A0AE0-8076-4AD4-A0C8-0108331E610C}.Debug|Any CPU.Build.0 = Debug|Any CPU
		{C39A0AE0-8076-4AD4-A0C8-0108331E610C}.Release|Any CPU.ActiveCfg = Release|Any CPU
		{C39A0AE0-8076-4AD4-A0C8-0108331E610C}.Release|Any CPU.Build.0 = Release|Any CPU
		{3FCF8627-0BF9-4467-B9ED-96483AA90F56}.Debug|Any CPU.ActiveCfg = Debug|Any CPU
		{3FCF8627-0BF9-4467-B9ED-96483AA90F56}.Debug|Any CPU.Build.0 = Debug|Any CPU
		{3FCF8627-0BF9-4467-B9ED-96483AA90F56}.Release|Any CPU.ActiveCfg = Release|Any CPU
		{3FCF8627-0BF9-4467-B9ED-96483AA90F56}.Release|Any CPU.Build.0 = Release|Any CPU
		{321BF683-8FE3-4FD7-A76A-A8B67F6118AE}.Debug|Any CPU.ActiveCfg = Debug|Any CPU
		{321BF683-8FE3-4FD7-A76A-A8B67F6118AE}.Debug|Any CPU.Build.0 = Debug|Any CPU
		{321BF683-8FE3-4FD7-A76A-A8B67F6118AE}.Release|Any CPU.ActiveCfg = Release|Any CPU
		{321BF683-8FE3-4FD7-A76A-A8B67F6118AE}.Release|Any CPU.Build.0 = Release|Any CPU
		{DAEC092A-A92F-46B3-93CD-EBD888A9EB65}.Debug|Any CPU.ActiveCfg = Debug|Any CPU
		{DAEC092A-A92F-46B3-93CD-EBD888A9EB65}.Debug|Any CPU.Build.0 = Debug|Any CPU
		{DAEC092A-A92F-46B3-93CD-EBD888A9EB65}.Release|Any CPU.ActiveCfg = Release|Any CPU
		{DAEC092A-A92F-46B3-93CD-EBD888A9EB65}.Release|Any CPU.Build.0 = Release|Any CPU
		{398B56BA-3848-4A3A-8AD1-3BB816C72E9C}.Debug|Any CPU.ActiveCfg = Debug|Any CPU
		{398B56BA-3848-4A3A-8AD1-3BB816C72E9C}.Debug|Any CPU.Build.0 = Debug|Any CPU
		{398B56BA-3848-4A3A-8AD1-3BB816C72E9C}.Release|Any CPU.ActiveCfg = Release|Any CPU
		{398B56BA-3848-4A3A-8AD1-3BB816C72E9C}.Release|Any CPU.Build.0 = Release|Any CPU
		{E76C5FFD-A7B0-4CB2-A694-3385255B6C99}.Debug|Any CPU.ActiveCfg = Debug|Any CPU
		{E76C5FFD-A7B0-4CB2-A694-3385255B6C99}.Debug|Any CPU.Build.0 = Debug|Any CPU
		{E76C5FFD-A7B0-4CB2-A694-3385255B6C99}.Release|Any CPU.ActiveCfg = Release|Any CPU
		{E76C5FFD-A7B0-4CB2-A694-3385255B6C99}.Release|Any CPU.Build.0 = Release|Any CPU
		{A8479F5F-927B-4523-B7B7-A188B44E4092}.Debug|Any CPU.ActiveCfg = Debug|Any CPU
		{A8479F5F-927B-4523-B7B7-A188B44E4092}.Debug|Any CPU.Build.0 = Debug|Any CPU
		{A8479F5F-927B-4523-B7B7-A188B44E4092}.Release|Any CPU.ActiveCfg = Release|Any CPU
		{A8479F5F-927B-4523-B7B7-A188B44E4092}.Release|Any CPU.Build.0 = Release|Any CPU
		{D57AD5D9-760D-4228-B6DD-3D9A5578A3D4}.Debug|Any CPU.ActiveCfg = Debug|Any CPU
		{D57AD5D9-760D-4228-B6DD-3D9A5578A3D4}.Debug|Any CPU.Build.0 = Debug|Any CPU
		{D57AD5D9-760D-4228-B6DD-3D9A5578A3D4}.Release|Any CPU.ActiveCfg = Release|Any CPU
		{D57AD5D9-760D-4228-B6DD-3D9A5578A3D4}.Release|Any CPU.Build.0 = Release|Any CPU
		{8413B531-76FB-45C0-8573-1D0122660681}.Debug|Any CPU.ActiveCfg = Debug|Any CPU
		{8413B531-76FB-45C0-8573-1D0122660681}.Debug|Any CPU.Build.0 = Debug|Any CPU
		{8413B531-76FB-45C0-8573-1D0122660681}.Release|Any CPU.ActiveCfg = Release|Any CPU
		{8413B531-76FB-45C0-8573-1D0122660681}.Release|Any CPU.Build.0 = Release|Any CPU
		{D52FDC49-827F-4FCF-9244-9F26F5278AB8}.Debug|Any CPU.ActiveCfg = Debug|Any CPU
		{D52FDC49-827F-4FCF-9244-9F26F5278AB8}.Debug|Any CPU.Build.0 = Debug|Any CPU
		{D52FDC49-827F-4FCF-9244-9F26F5278AB8}.Release|Any CPU.ActiveCfg = Release|Any CPU
		{D52FDC49-827F-4FCF-9244-9F26F5278AB8}.Release|Any CPU.Build.0 = Release|Any CPU
		{9C57690D-128F-4473-AE1D-E2C5B1FB5B74}.Debug|Any CPU.ActiveCfg = Debug|Any CPU
		{9C57690D-128F-4473-AE1D-E2C5B1FB5B74}.Debug|Any CPU.Build.0 = Debug|Any CPU
		{9C57690D-128F-4473-AE1D-E2C5B1FB5B74}.Release|Any CPU.ActiveCfg = Release|Any CPU
		{9C57690D-128F-4473-AE1D-E2C5B1FB5B74}.Release|Any CPU.Build.0 = Release|Any CPU
		{D801873C-5CEC-455E-BDA8-4470AE7871A4}.Debug|Any CPU.ActiveCfg = Debug|Any CPU
		{D801873C-5CEC-455E-BDA8-4470AE7871A4}.Debug|Any CPU.Build.0 = Debug|Any CPU
		{D801873C-5CEC-455E-BDA8-4470AE7871A4}.Release|Any CPU.ActiveCfg = Release|Any CPU
		{D801873C-5CEC-455E-BDA8-4470AE7871A4}.Release|Any CPU.Build.0 = Release|Any CPU
		{F42CBFB5-912F-4366-9707-084A51D01D56}.Debug|Any CPU.ActiveCfg = Debug|Any CPU
		{F42CBFB5-912F-4366-9707-084A51D01D56}.Debug|Any CPU.Build.0 = Debug|Any CPU
		{F42CBFB5-912F-4366-9707-084A51D01D56}.Release|Any CPU.ActiveCfg = Release|Any CPU
		{F42CBFB5-912F-4366-9707-084A51D01D56}.Release|Any CPU.Build.0 = Release|Any CPU
		{1EBE885E-68F9-4741-B46E-880D74B02D97}.Debug|Any CPU.ActiveCfg = Debug|Any CPU
		{1EBE885E-68F9-4741-B46E-880D74B02D97}.Debug|Any CPU.Build.0 = Debug|Any CPU
		{1EBE885E-68F9-4741-B46E-880D74B02D97}.Release|Any CPU.ActiveCfg = Release|Any CPU
		{1EBE885E-68F9-4741-B46E-880D74B02D97}.Release|Any CPU.Build.0 = Release|Any CPU
	EndGlobalSection
	GlobalSection(SolutionProperties) = preSolution
		HideSolutionNode = FALSE
	EndGlobalSection
	GlobalSection(NestedProjects) = preSolution
		{321BF683-8FE3-4FD7-A76A-A8B67F6118AE} = {7F23F151-272A-4465-9B7F-9E1CB86A51BA}
		{DAEC092A-A92F-46B3-93CD-EBD888A9EB65} = {7F23F151-272A-4465-9B7F-9E1CB86A51BA}
		{398B56BA-3848-4A3A-8AD1-3BB816C72E9C} = {31F019E9-5419-413C-B559-A43DA6743C0D}
		{E76C5FFD-A7B0-4CB2-A694-3385255B6C99} = {31F019E9-5419-413C-B559-A43DA6743C0D}
		{A8479F5F-927B-4523-B7B7-A188B44E4092} = {1C2E8D3E-1559-4581-A50A-095D25DE029C}
		{D57AD5D9-760D-4228-B6DD-3D9A5578A3D4} = {1C2E8D3E-1559-4581-A50A-095D25DE029C}
		{8413B531-76FB-45C0-8573-1D0122660681} = {1C2E8D3E-1559-4581-A50A-095D25DE029C}
		{D52FDC49-827F-4FCF-9244-9F26F5278AB8} = {1C2E8D3E-1559-4581-A50A-095D25DE029C}
		{9C57690D-128F-4473-AE1D-E2C5B1FB5B74} = {1C2E8D3E-1559-4581-A50A-095D25DE029C}
		{D801873C-5CEC-455E-BDA8-4470AE7871A4} = {31F019E9-5419-413C-B559-A43DA6743C0D}
		{F42CBFB5-912F-4366-9707-084A51D01D56} = {31F019E9-5419-413C-B559-A43DA6743C0D}
		{1EBE885E-68F9-4741-B46E-880D74B02D97} = {1C2E8D3E-1559-4581-A50A-095D25DE029C}
	EndGlobalSection
EndGlobal
