
Microsoft Visual Studio Solution File, Format Version 12.00
# Visual Studio 15
VisualStudioVersion = 15.0.26403.7
MinimumVisualStudioVersion = 10.0.40219.1
Project("{FAE04EC0-301F-11D3-BF4B-00C04F79EFBC}") = "EDUGraphAPI.Web", "EDUGraphAPI.Web\EDUGraphAPI.Web.csproj", "{C39A0AE0-8076-4AD4-A0C8-0108331E610C}"
EndProject
Project("{FAE04EC0-301F-11D3-BF4B-00C04F79EFBC}") = "EDUGraphAPI.SyncData", "EDUGraphAPI.SyncData\EDUGraphAPI.SyncData.csproj", "{3FCF8627-0BF9-4467-B9ED-96483AA90F56}"
EndProject
Project("{FAE04EC0-301F-11D3-BF4B-00C04F79EFBC}") = "EDUGraphAPI.Common", "EDUGraphAPI.Common\EDUGraphAPI.Common.csproj", "{6F7DC16A-38AB-46CF-9F95-9E88E504856A}"
EndProject
Project("{FAE04EC0-301F-11D3-BF4B-00C04F79EFBC}") = "Microsoft.Education", "Microsoft.Education\Microsoft.Education.csproj", "{4CBCD397-9137-4B1F-87C3-8E44DED7B9FF}"
EndProject
Project("{2150E333-8FDC-42A3-9474-1A3956D46DE8}") = "Data", "Data", "{7F23F151-272A-4465-9B7F-9E1CB86A51BA}"
EndProject
Project("{FAE04EC0-301F-11D3-BF4B-00C04F79EFBC}") = "EDUGraphAPI.Data", "Data\EDUGraphAPI.Data\EDUGraphAPI.Data.csproj", "{321BF683-8FE3-4FD7-A76A-A8B67F6118AE}"
EndProject
Project("{FAE04EC0-301F-11D3-BF4B-00C04F79EFBC}") = "EDUGraphAPI.Data.Models", "Data\EDUGraphAPI.Data.Models\EDUGraphAPI.Data.Models.csproj", "{DAEC092A-A92F-46B3-93CD-EBD888A9EB65}"
EndProject
Project("{2150E333-8FDC-42A3-9474-1A3956D46DE8}") = "Services", "Services", "{31F019E9-5419-413C-B559-A43DA6743C0D}"
EndProject
Project("{FAE04EC0-301F-11D3-BF4B-00C04F79EFBC}") = "EDUGraphAPI.Services", "Services\EDUGraphAPI.Services\EDUGraphAPI.Services.csproj", "{398B56BA-3848-4A3A-8AD1-3BB816C72E9C}"
EndProject
Project("{FAE04EC0-301F-11D3-BF4B-00C04F79EFBC}") = "EDUGraphAPI.Services.Models", "Services\EDUGraphAPI.Services.Models\EDUGraphAPI.Services.Models.csproj", "{E76C5FFD-A7B0-4CB2-A694-3385255B6C99}"
EndProject
Project("{2150E333-8FDC-42A3-9474-1A3956D46DE8}") = "Infrastructure", "Infrastructure", "{1C2E8D3E-1559-4581-A50A-095D25DE029C}"
EndProject
Project("{FAE04EC0-301F-11D3-BF4B-00C04F79EFBC}") = "EDUGraphAPI.Extensions", "Infrastructure\EDUGraphAPI.Extensions\EDUGraphAPI.Extensions.csproj", "{1D2EF39F-71C1-41F2-9F14-DB7ABBAA04CE}"
EndProject
Global
	GlobalSection(SolutionConfigurationPlatforms) = preSolution
		Debug|Any CPU = Debug|Any CPU
		Release|Any CPU = Release|Any CPU
	EndGlobalSection
	GlobalSection(ProjectConfigurationPlatforms) = postSolution
		{C39A0AE0-8076-4AD4-A0C8-0108331E610C}.Debug|Any CPU.ActiveCfg = Debug|Any CPU
		{C39A0AE0-8076-4AD4-A0C8-0108331E610C}.Debug|Any CPU.Build.0 = Debug|Any CPU
		{C39A0AE0-8076-4AD4-A0C8-0108331E610C}.Release|Any CPU.ActiveCfg = Release|Any CPU
		{C39A0AE0-8076-4AD4-A0C8-0108331E610C}.Release|Any CPU.Build.0 = Release|Any CPU
		{3FCF8627-0BF9-4467-B9ED-96483AA90F56}.Debug|Any CPU.ActiveCfg = Debug|Any CPU
		{3FCF8627-0BF9-4467-B9ED-96483AA90F56}.Debug|Any CPU.Build.0 = Debug|Any CPU
		{3FCF8627-0BF9-4467-B9ED-96483AA90F56}.Release|Any CPU.ActiveCfg = Release|Any CPU
		{3FCF8627-0BF9-4467-B9ED-96483AA90F56}.Release|Any CPU.Build.0 = Release|Any CPU
		{6F7DC16A-38AB-46CF-9F95-9E88E504856A}.Debug|Any CPU.ActiveCfg = Debug|Any CPU
		{6F7DC16A-38AB-46CF-9F95-9E88E504856A}.Debug|Any CPU.Build.0 = Debug|Any CPU
		{6F7DC16A-38AB-46CF-9F95-9E88E504856A}.Release|Any CPU.ActiveCfg = Release|Any CPU
		{6F7DC16A-38AB-46CF-9F95-9E88E504856A}.Release|Any CPU.Build.0 = Release|Any CPU
		{4CBCD397-9137-4B1F-87C3-8E44DED7B9FF}.Debug|Any CPU.ActiveCfg = Debug|Any CPU
		{4CBCD397-9137-4B1F-87C3-8E44DED7B9FF}.Debug|Any CPU.Build.0 = Debug|Any CPU
		{4CBCD397-9137-4B1F-87C3-8E44DED7B9FF}.Release|Any CPU.ActiveCfg = Release|Any CPU
		{4CBCD397-9137-4B1F-87C3-8E44DED7B9FF}.Release|Any CPU.Build.0 = Release|Any CPU
		{321BF683-8FE3-4FD7-A76A-A8B67F6118AE}.Debug|Any CPU.ActiveCfg = Debug|Any CPU
		{321BF683-8FE3-4FD7-A76A-A8B67F6118AE}.Debug|Any CPU.Build.0 = Debug|Any CPU
		{321BF683-8FE3-4FD7-A76A-A8B67F6118AE}.Release|Any CPU.ActiveCfg = Release|Any CPU
		{321BF683-8FE3-4FD7-A76A-A8B67F6118AE}.Release|Any CPU.Build.0 = Release|Any CPU
		{DAEC092A-A92F-46B3-93CD-EBD888A9EB65}.Debug|Any CPU.ActiveCfg = Debug|Any CPU
		{DAEC092A-A92F-46B3-93CD-EBD888A9EB65}.Debug|Any CPU.Build.0 = Debug|Any CPU
		{DAEC092A-A92F-46B3-93CD-EBD888A9EB65}.Release|Any CPU.ActiveCfg = Release|Any CPU
		{DAEC092A-A92F-46B3-93CD-EBD888A9EB65}.Release|Any CPU.Build.0 = Release|Any CPU
		{398B56BA-3848-4A3A-8AD1-3BB816C72E9C}.Debug|Any CPU.ActiveCfg = Debug|Any CPU
		{398B56BA-3848-4A3A-8AD1-3BB816C72E9C}.Debug|Any CPU.Build.0 = Debug|Any CPU
		{398B56BA-3848-4A3A-8AD1-3BB816C72E9C}.Release|Any CPU.ActiveCfg = Release|Any CPU
		{398B56BA-3848-4A3A-8AD1-3BB816C72E9C}.Release|Any CPU.Build.0 = Release|Any CPU
		{E76C5FFD-A7B0-4CB2-A694-3385255B6C99}.Debug|Any CPU.ActiveCfg = Debug|Any CPU
		{E76C5FFD-A7B0-4CB2-A694-3385255B6C99}.Debug|Any CPU.Build.0 = Debug|Any CPU
		{E76C5FFD-A7B0-4CB2-A694-3385255B6C99}.Release|Any CPU.ActiveCfg = Release|Any CPU
		{E76C5FFD-A7B0-4CB2-A694-3385255B6C99}.Release|Any CPU.Build.0 = Release|Any CPU
		{1D2EF39F-71C1-41F2-9F14-DB7ABBAA04CE}.Debug|Any CPU.ActiveCfg = Debug|Any CPU
		{1D2EF39F-71C1-41F2-9F14-DB7ABBAA04CE}.Debug|Any CPU.Build.0 = Debug|Any CPU
		{1D2EF39F-71C1-41F2-9F14-DB7ABBAA04CE}.Release|Any CPU.ActiveCfg = Release|Any CPU
		{1D2EF39F-71C1-41F2-9F14-DB7ABBAA04CE}.Release|Any CPU.Build.0 = Release|Any CPU
	EndGlobalSection
	GlobalSection(SolutionProperties) = preSolution
		HideSolutionNode = FALSE
	EndGlobalSection
	GlobalSection(NestedProjects) = preSolution
		{321BF683-8FE3-4FD7-A76A-A8B67F6118AE} = {7F23F151-272A-4465-9B7F-9E1CB86A51BA}
		{DAEC092A-A92F-46B3-93CD-EBD888A9EB65} = {7F23F151-272A-4465-9B7F-9E1CB86A51BA}
		{398B56BA-3848-4A3A-8AD1-3BB816C72E9C} = {31F019E9-5419-413C-B559-A43DA6743C0D}
		{E76C5FFD-A7B0-4CB2-A694-3385255B6C99} = {31F019E9-5419-413C-B559-A43DA6743C0D}
		{1D2EF39F-71C1-41F2-9F14-DB7ABBAA04CE} = {1C2E8D3E-1559-4581-A50A-095D25DE029C}
	EndGlobalSection
EndGlobal
